// !$*UTF8*$!
{
	archiveVersion = 1;
	classes = {
	};
	objectVersion = 56;
	objects = {

/* Begin PBXBuildFile section */
		3D7560261FC488041A2F6D5A /* Pods_RepositoryListProject.framework in Frameworks */ = {isa = PBXBuildFile; fileRef = C3B6FECE074F288EC6214C4A /* Pods_RepositoryListProject.framework */; };
		734F95882C7B23CA0016D96E /* NetworkManager.swift in Sources */ = {isa = PBXBuildFile; fileRef = 734F95872C7B23CA0016D96E /* NetworkManager.swift */; };
		734F958A2C7B267B0016D96E /* NetworkRemoteRepository.swift in Sources */ = {isa = PBXBuildFile; fileRef = 734F95892C7B267B0016D96E /* NetworkRemoteRepository.swift */; };
		73DC21FD2C7A391200CEDFAE /* AppDelegate.swift in Sources */ = {isa = PBXBuildFile; fileRef = 73DC21FC2C7A391200CEDFAE /* AppDelegate.swift */; };
		73DC21FF2C7A391200CEDFAE /* SceneDelegate.swift in Sources */ = {isa = PBXBuildFile; fileRef = 73DC21FE2C7A391200CEDFAE /* SceneDelegate.swift */; };
		73DC22012C7A391200CEDFAE /* RepositoryListVC.swift in Sources */ = {isa = PBXBuildFile; fileRef = 73DC22002C7A391200CEDFAE /* RepositoryListVC.swift */; };
		73DC22042C7A391200CEDFAE /* Main.storyboard in Resources */ = {isa = PBXBuildFile; fileRef = 73DC22022C7A391200CEDFAE /* Main.storyboard */; };
		73DC22062C7A391500CEDFAE /* Assets.xcassets in Resources */ = {isa = PBXBuildFile; fileRef = 73DC22052C7A391500CEDFAE /* Assets.xcassets */; };
		73DC22092C7A391500CEDFAE /* LaunchScreen.storyboard in Resources */ = {isa = PBXBuildFile; fileRef = 73DC22072C7A391500CEDFAE /* LaunchScreen.storyboard */; };
		73DC22132C7A582000CEDFAE /* RepositoryListEntity.swift in Sources */ = {isa = PBXBuildFile; fileRef = 73DC22122C7A582000CEDFAE /* RepositoryListEntity.swift */; };
		73DC22152C7A583300CEDFAE /* RepositoryListInteractor.swift in Sources */ = {isa = PBXBuildFile; fileRef = 73DC22142C7A583300CEDFAE /* RepositoryListInteractor.swift */; };
		73DC22172C7A584700CEDFAE /* RepositoryListPresesnter.swift in Sources */ = {isa = PBXBuildFile; fileRef = 73DC22162C7A584700CEDFAE /* RepositoryListPresesnter.swift */; };
		73DC22192C7A585400CEDFAE /* RepositoryListRouter.swift in Sources */ = {isa = PBXBuildFile; fileRef = 73DC22182C7A585400CEDFAE /* RepositoryListRouter.swift */; };
		73DC221B2C7A586200CEDFAE /* RepositoryListProtocols.swift in Sources */ = {isa = PBXBuildFile; fileRef = 73DC221A2C7A586200CEDFAE /* RepositoryListProtocols.swift */; };
		73DC22212C7A688B00CEDFAE /* RepositoryCell.swift in Sources */ = {isa = PBXBuildFile; fileRef = 73DC221F2C7A688B00CEDFAE /* RepositoryCell.swift */; };
		73DC22222C7A688B00CEDFAE /* RepositoryCell.xib in Resources */ = {isa = PBXBuildFile; fileRef = 73DC22202C7A688B00CEDFAE /* RepositoryCell.xib */; };
/* End PBXBuildFile section */

/* Begin PBXFileReference section */
		734F95872C7B23CA0016D96E /* NetworkManager.swift */ = {isa = PBXFileReference; lastKnownFileType = sourcecode.swift; path = NetworkManager.swift; sourceTree = "<group>"; };
		734F95892C7B267B0016D96E /* NetworkRemoteRepository.swift */ = {isa = PBXFileReference; lastKnownFileType = sourcecode.swift; path = NetworkRemoteRepository.swift; sourceTree = "<group>"; };
		73DC21F92C7A391200CEDFAE /* RepositoryListProject.app */ = {isa = PBXFileReference; explicitFileType = wrapper.application; includeInIndex = 0; path = RepositoryListProject.app; sourceTree = BUILT_PRODUCTS_DIR; };
		73DC21FC2C7A391200CEDFAE /* AppDelegate.swift */ = {isa = PBXFileReference; lastKnownFileType = sourcecode.swift; path = AppDelegate.swift; sourceTree = "<group>"; };
		73DC21FE2C7A391200CEDFAE /* SceneDelegate.swift */ = {isa = PBXFileReference; lastKnownFileType = sourcecode.swift; path = SceneDelegate.swift; sourceTree = "<group>"; };
		73DC22002C7A391200CEDFAE /* RepositoryListVC.swift */ = {isa = PBXFileReference; lastKnownFileType = sourcecode.swift; path = RepositoryListVC.swift; sourceTree = "<group>"; };
		73DC22032C7A391200CEDFAE /* Base */ = {isa = PBXFileReference; lastKnownFileType = file.storyboard; name = Base; path = Base.lproj/Main.storyboard; sourceTree = "<group>"; };
		73DC22052C7A391500CEDFAE /* Assets.xcassets */ = {isa = PBXFileReference; lastKnownFileType = folder.assetcatalog; path = Assets.xcassets; sourceTree = "<group>"; };
		73DC22082C7A391500CEDFAE /* Base */ = {isa = PBXFileReference; lastKnownFileType = file.storyboard; name = Base; path = Base.lproj/LaunchScreen.storyboard; sourceTree = "<group>"; };
		73DC220A2C7A391500CEDFAE /* Info.plist */ = {isa = PBXFileReference; lastKnownFileType = text.plist.xml; path = Info.plist; sourceTree = "<group>"; };
		73DC22122C7A582000CEDFAE /* RepositoryListEntity.swift */ = {isa = PBXFileReference; lastKnownFileType = sourcecode.swift; path = RepositoryListEntity.swift; sourceTree = "<group>"; };
		73DC22142C7A583300CEDFAE /* RepositoryListInteractor.swift */ = {isa = PBXFileReference; lastKnownFileType = sourcecode.swift; path = RepositoryListInteractor.swift; sourceTree = "<group>"; };
		73DC22162C7A584700CEDFAE /* RepositoryListPresesnter.swift */ = {isa = PBXFileReference; lastKnownFileType = sourcecode.swift; path = RepositoryListPresesnter.swift; sourceTree = "<group>"; };
		73DC22182C7A585400CEDFAE /* RepositoryListRouter.swift */ = {isa = PBXFileReference; lastKnownFileType = sourcecode.swift; path = RepositoryListRouter.swift; sourceTree = "<group>"; };
		73DC221A2C7A586200CEDFAE /* RepositoryListProtocols.swift */ = {isa = PBXFileReference; lastKnownFileType = sourcecode.swift; path = RepositoryListProtocols.swift; sourceTree = "<group>"; };
		73DC221F2C7A688B00CEDFAE /* RepositoryCell.swift */ = {isa = PBXFileReference; lastKnownFileType = sourcecode.swift; path = RepositoryCell.swift; sourceTree = "<group>"; };
		73DC22202C7A688B00CEDFAE /* RepositoryCell.xib */ = {isa = PBXFileReference; lastKnownFileType = file.xib; path = RepositoryCell.xib; sourceTree = "<group>"; };
		9BFCB402CB24CFB630AC3758 /* Pods-RepositoryListProject.debug.xcconfig */ = {isa = PBXFileReference; includeInIndex = 1; lastKnownFileType = text.xcconfig; name = "Pods-RepositoryListProject.debug.xcconfig"; path = "Target Support Files/Pods-RepositoryListProject/Pods-RepositoryListProject.debug.xcconfig"; sourceTree = "<group>"; };
		C3B6FECE074F288EC6214C4A /* Pods_RepositoryListProject.framework */ = {isa = PBXFileReference; explicitFileType = wrapper.framework; includeInIndex = 0; path = Pods_RepositoryListProject.framework; sourceTree = BUILT_PRODUCTS_DIR; };
		DCDCE42054CAE1BFCA561911 /* Pods-RepositoryListProject.release.xcconfig */ = {isa = PBXFileReference; includeInIndex = 1; lastKnownFileType = text.xcconfig; name = "Pods-RepositoryListProject.release.xcconfig"; path = "Target Support Files/Pods-RepositoryListProject/Pods-RepositoryListProject.release.xcconfig"; sourceTree = "<group>"; };
/* End PBXFileReference section */

/* Begin PBXFrameworksBuildPhase section */
		73DC21F62C7A391200CEDFAE /* Frameworks */ = {
			isa = PBXFrameworksBuildPhase;
			buildActionMask = 2147483647;
			files = (
				3D7560261FC488041A2F6D5A /* Pods_RepositoryListProject.framework in Frameworks */,
			);
			runOnlyForDeploymentPostprocessing = 0;
		};
/* End PBXFrameworksBuildPhase section */

/* Begin PBXGroup section */
		559BFBA8EC9D69F9A9905FEC /* Pods */ = {
			isa = PBXGroup;
			children = (
				9BFCB402CB24CFB630AC3758 /* Pods-RepositoryListProject.debug.xcconfig */,
				DCDCE42054CAE1BFCA561911 /* Pods-RepositoryListProject.release.xcconfig */,
			);
			path = Pods;
			sourceTree = "<group>";
		};
		734F95862C7B23190016D96E /* Helpers */ = {
			isa = PBXGroup;
			children = (
				734F95872C7B23CA0016D96E /* NetworkManager.swift */,
				734F95892C7B267B0016D96E /* NetworkRemoteRepository.swift */,
			);
			path = Helpers;
			sourceTree = "<group>";
		};
		73DC21F02C7A391200CEDFAE = {
			isa = PBXGroup;
			children = (
				73DC21FB2C7A391200CEDFAE /* RepositoryListProject */,
				73DC21FA2C7A391200CEDFAE /* Products */,
				559BFBA8EC9D69F9A9905FEC /* Pods */,
				AC13CEEB88BBE7C848403B4A /* Frameworks */,
			);
			sourceTree = "<group>";
		};
		73DC21FA2C7A391200CEDFAE /* Products */ = {
			isa = PBXGroup;
			children = (
				73DC21F92C7A391200CEDFAE /* RepositoryListProject.app */,
			);
			name = Products;
			sourceTree = "<group>";
		};
		73DC21FB2C7A391200CEDFAE /* RepositoryListProject */ = {
			isa = PBXGroup;
			children = (
				734F95862C7B23190016D96E /* Helpers */,
				73DC222B2C7A6CB800CEDFAE /* Resources */,
				73DC222A2C7A6C2600CEDFAE /* Application */,
				73DC22102C7A3A0700CEDFAE /* Modules */,
			);
			path = RepositoryListProject;
			sourceTree = "<group>";
		};
		73DC22102C7A3A0700CEDFAE /* Modules */ = {
			isa = PBXGroup;
			children = (
				73DDF4782C7B6CDB007135E4 /* Storyboards */,
				73DC22112C7A3A2900CEDFAE /* RepositoryList */,
			);
			path = Modules;
			sourceTree = "<group>";
		};
		73DC22112C7A3A2900CEDFAE /* RepositoryList */ = {
			isa = PBXGroup;
			children = (
				73DC22292C7A6BC900CEDFAE /* Protocols */,
				73DC22282C7A6B7700CEDFAE /* Router */,
				73DC22272C7A6B3900CEDFAE /* Entity */,
				73DC22262C7A6B2A00CEDFAE /* Interactor */,
				73DC22252C7A6B2000CEDFAE /* Presenter */,
				73DC22232C7A6B0200CEDFAE /* Views */,
			);
			path = RepositoryList;
			sourceTree = "<group>";
		};
		73DC22232C7A6B0200CEDFAE /* Views */ = {
			isa = PBXGroup;
			children = (
				73DDF4772C7B6C7A007135E4 /* Cell */,
				73DC22002C7A391200CEDFAE /* RepositoryListVC.swift */,
			);
			path = Views;
			sourceTree = "<group>";
		};
		73DC22252C7A6B2000CEDFAE /* Presenter */ = {
			isa = PBXGroup;
			children = (
				73DC22162C7A584700CEDFAE /* RepositoryListPresesnter.swift */,
			);
			path = Presenter;
			sourceTree = "<group>";
		};
		73DC22262C7A6B2A00CEDFAE /* Interactor */ = {
			isa = PBXGroup;
			children = (
				73DC22142C7A583300CEDFAE /* RepositoryListInteractor.swift */,
			);
			path = Interactor;
			sourceTree = "<group>";
		};
		73DC22272C7A6B3900CEDFAE /* Entity */ = {
			isa = PBXGroup;
			children = (
				73DC22122C7A582000CEDFAE /* RepositoryListEntity.swift */,
			);
			path = Entity;
			sourceTree = "<group>";
		};
		73DC22282C7A6B7700CEDFAE /* Router */ = {
			isa = PBXGroup;
			children = (
				73DC22182C7A585400CEDFAE /* RepositoryListRouter.swift */,
			);
			path = Router;
			sourceTree = "<group>";
		};
		73DC22292C7A6BC900CEDFAE /* Protocols */ = {
			isa = PBXGroup;
			children = (
				73DC221A2C7A586200CEDFAE /* RepositoryListProtocols.swift */,
			);
			path = Protocols;
			sourceTree = "<group>";
		};
		73DC222A2C7A6C2600CEDFAE /* Application */ = {
			isa = PBXGroup;
			children = (
				73DC21FC2C7A391200CEDFAE /* AppDelegate.swift */,
				73DC21FE2C7A391200CEDFAE /* SceneDelegate.swift */,
			);
			path = Application;
			sourceTree = "<group>";
		};
		73DC222B2C7A6CB800CEDFAE /* Resources */ = {
			isa = PBXGroup;
			children = (
				73DC220A2C7A391500CEDFAE /* Info.plist */,
				73DC22052C7A391500CEDFAE /* Assets.xcassets */,
				73DC22072C7A391500CEDFAE /* LaunchScreen.storyboard */,
			);
			path = Resources;
			sourceTree = "<group>";
		};
		73DDF4772C7B6C7A007135E4 /* Cell */ = {
			isa = PBXGroup;
			children = (
				73DC221F2C7A688B00CEDFAE /* RepositoryCell.swift */,
				73DC22202C7A688B00CEDFAE /* RepositoryCell.xib */,
			);
			path = Cell;
			sourceTree = "<group>";
		};
		73DDF4782C7B6CDB007135E4 /* Storyboards */ = {
			isa = PBXGroup;
			children = (
				73DC22022C7A391200CEDFAE /* Main.storyboard */,
			);
			path = Storyboards;
			sourceTree = "<group>";
		};
		AC13CEEB88BBE7C848403B4A /* Frameworks */ = {
			isa = PBXGroup;
			children = (
				C3B6FECE074F288EC6214C4A /* Pods_RepositoryListProject.framework */,
			);
			name = Frameworks;
			sourceTree = "<group>";
		};
/* End PBXGroup section */

/* Begin PBXNativeTarget section */
		73DC21F82C7A391200CEDFAE /* RepositoryListProject */ = {
			isa = PBXNativeTarget;
			buildConfigurationList = 73DC220D2C7A391500CEDFAE /* Build configuration list for PBXNativeTarget "RepositoryListProject" */;
			buildPhases = (
				07551C86890BA57D2A2CE573 /* [CP] Check Pods Manifest.lock */,
				73DC21F52C7A391200CEDFAE /* Sources */,
				73DC21F62C7A391200CEDFAE /* Frameworks */,
				73DC21F72C7A391200CEDFAE /* Resources */,
				ECE16A5A36FD39E2391ECA24 /* [CP] Embed Pods Frameworks */,
			);
			buildRules = (
			);
			dependencies = (
			);
			name = RepositoryListProject;
			productName = RepositoryListProject;
			productReference = 73DC21F92C7A391200CEDFAE /* RepositoryListProject.app */;
			productType = "com.apple.product-type.application";
		};
/* End PBXNativeTarget section */

/* Begin PBXProject section */
		73DC21F12C7A391200CEDFAE /* Project object */ = {
			isa = PBXProject;
			attributes = {
				BuildIndependentTargetsInParallel = 1;
				LastSwiftUpdateCheck = 1500;
				LastUpgradeCheck = 1500;
				TargetAttributes = {
					73DC21F82C7A391200CEDFAE = {
						CreatedOnToolsVersion = 15.0;
					};
				};
			};
			buildConfigurationList = 73DC21F42C7A391200CEDFAE /* Build configuration list for PBXProject "RepositoryListProject" */;
			compatibilityVersion = "Xcode 14.0";
			developmentRegion = en;
			hasScannedForEncodings = 0;
			knownRegions = (
				en,
				Base,
			);
			mainGroup = 73DC21F02C7A391200CEDFAE;
			productRefGroup = 73DC21FA2C7A391200CEDFAE /* Products */;
			projectDirPath = "";
			projectRoot = "";
			targets = (
				73DC21F82C7A391200CEDFAE /* RepositoryListProject */,
			);
		};
/* End PBXProject section */

/* Begin PBXResourcesBuildPhase section */
		73DC21F72C7A391200CEDFAE /* Resources */ = {
			isa = PBXResourcesBuildPhase;
			buildActionMask = 2147483647;
			files = (
				73DC22092C7A391500CEDFAE /* LaunchScreen.storyboard in Resources */,
				73DC22062C7A391500CEDFAE /* Assets.xcassets in Resources */,
				73DC22042C7A391200CEDFAE /* Main.storyboard in Resources */,
				73DC22222C7A688B00CEDFAE /* RepositoryCell.xib in Resources */,
			);
			runOnlyForDeploymentPostprocessing = 0;
		};
/* End PBXResourcesBuildPhase section */

/* Begin PBXShellScriptBuildPhase section */
		07551C86890BA57D2A2CE573 /* [CP] Check Pods Manifest.lock */ = {
			isa = PBXShellScriptBuildPhase;
			buildActionMask = 2147483647;
			files = (
			);
			inputFileListPaths = (
			);
			inputPaths = (
				"${PODS_PODFILE_DIR_PATH}/Podfile.lock",
				"${PODS_ROOT}/Manifest.lock",
			);
			name = "[CP] Check Pods Manifest.lock";
			outputFileListPaths = (
			);
			outputPaths = (
				"$(DERIVED_FILE_DIR)/Pods-RepositoryListProject-checkManifestLockResult.txt",
			);
			runOnlyForDeploymentPostprocessing = 0;
			shellPath = /bin/sh;
			shellScript = "diff \"${PODS_PODFILE_DIR_PATH}/Podfile.lock\" \"${PODS_ROOT}/Manifest.lock\" > /dev/null\nif [ $? != 0 ] ; then\n    # print error to STDERR\n    echo \"error: The sandbox is not in sync with the Podfile.lock. Run 'pod install' or update your CocoaPods installation.\" >&2\n    exit 1\nfi\n# This output is used by Xcode 'outputs' to avoid re-running this script phase.\necho \"SUCCESS\" > \"${SCRIPT_OUTPUT_FILE_0}\"\n";
			showEnvVarsInLog = 0;
		};
		ECE16A5A36FD39E2391ECA24 /* [CP] Embed Pods Frameworks */ = {
			isa = PBXShellScriptBuildPhase;
			buildActionMask = 2147483647;
			files = (
			);
			inputFileListPaths = (
				"${PODS_ROOT}/Target Support Files/Pods-RepositoryListProject/Pods-RepositoryListProject-frameworks-${CONFIGURATION}-input-files.xcfilelist",
			);
			name = "[CP] Embed Pods Frameworks";
			outputFileListPaths = (
				"${PODS_ROOT}/Target Support Files/Pods-RepositoryListProject/Pods-RepositoryListProject-frameworks-${CONFIGURATION}-output-files.xcfilelist",
			);
			runOnlyForDeploymentPostprocessing = 0;
			shellPath = /bin/sh;
			shellScript = "\"${PODS_ROOT}/Target Support Files/Pods-RepositoryListProject/Pods-RepositoryListProject-frameworks.sh\"\n";
			showEnvVarsInLog = 0;
		};
/* End PBXShellScriptBuildPhase section */

/* Begin PBXSourcesBuildPhase section */
		73DC21F52C7A391200CEDFAE /* Sources */ = {
			isa = PBXSourcesBuildPhase;
			buildActionMask = 2147483647;
			files = (
				73DC22212C7A688B00CEDFAE /* RepositoryCell.swift in Sources */,
				734F958A2C7B267B0016D96E /* NetworkRemoteRepository.swift in Sources */,
				73DC22172C7A584700CEDFAE /* RepositoryListPresesnter.swift in Sources */,
				734F95882C7B23CA0016D96E /* NetworkManager.swift in Sources */,
				73DC221B2C7A586200CEDFAE /* RepositoryListProtocols.swift in Sources */,
				73DC22012C7A391200CEDFAE /* RepositoryListVC.swift in Sources */,
				73DC21FD2C7A391200CEDFAE /* AppDelegate.swift in Sources */,
				73DC22192C7A585400CEDFAE /* RepositoryListRouter.swift in Sources */,
				73DC22132C7A582000CEDFAE /* RepositoryListEntity.swift in Sources */,
				73DC21FF2C7A391200CEDFAE /* SceneDelegate.swift in Sources */,
				73DC22152C7A583300CEDFAE /* RepositoryListInteractor.swift in Sources */,
			);
			runOnlyForDeploymentPostprocessing = 0;
		};
/* End PBXSourcesBuildPhase section */

/* Begin PBXVariantGroup section */
		73DC22022C7A391200CEDFAE /* Main.storyboard */ = {
			isa = PBXVariantGroup;
			children = (
				73DC22032C7A391200CEDFAE /* Base */,
			);
			name = Main.storyboard;
			sourceTree = "<group>";
		};
		73DC22072C7A391500CEDFAE /* LaunchScreen.storyboard */ = {
			isa = PBXVariantGroup;
			children = (
				73DC22082C7A391500CEDFAE /* Base */,
			);
			name = LaunchScreen.storyboard;
			sourceTree = "<group>";
		};
/* End PBXVariantGroup section */

/* Begin XCBuildConfiguration section */
		73DC220B2C7A391500CEDFAE /* Debug */ = {
			isa = XCBuildConfiguration;
			buildSettings = {
				ALWAYS_SEARCH_USER_PATHS = NO;
				ASSETCATALOG_COMPILER_GENERATE_SWIFT_ASSET_SYMBOL_EXTENSIONS = YES;
				CLANG_ANALYZER_NONNULL = YES;
				CLANG_ANALYZER_NUMBER_OBJECT_CONVERSION = YES_AGGRESSIVE;
				CLANG_CXX_LANGUAGE_STANDARD = "gnu++20";
				CLANG_ENABLE_MODULES = YES;
				CLANG_ENABLE_OBJC_ARC = YES;
				CLANG_ENABLE_OBJC_WEAK = YES;
				CLANG_WARN_BLOCK_CAPTURE_AUTORELEASING = YES;
				CLANG_WARN_BOOL_CONVERSION = YES;
				CLANG_WARN_COMMA = YES;
				CLANG_WARN_CONSTANT_CONVERSION = YES;
				CLANG_WARN_DEPRECATED_OBJC_IMPLEMENTATIONS = YES;
				CLANG_WARN_DIRECT_OBJC_ISA_USAGE = YES_ERROR;
				CLANG_WARN_DOCUMENTATION_COMMENTS = YES;
				CLANG_WARN_EMPTY_BODY = YES;
				CLANG_WARN_ENUM_CONVERSION = YES;
				CLANG_WARN_INFINITE_RECURSION = YES;
				CLANG_WARN_INT_CONVERSION = YES;
				CLANG_WARN_NON_LITERAL_NULL_CONVERSION = YES;
				CLANG_WARN_OBJC_IMPLICIT_RETAIN_SELF = YES;
				CLANG_WARN_OBJC_LITERAL_CONVERSION = YES;
				CLANG_WARN_OBJC_ROOT_CLASS = YES_ERROR;
				CLANG_WARN_QUOTED_INCLUDE_IN_FRAMEWORK_HEADER = YES;
				CLANG_WARN_RANGE_LOOP_ANALYSIS = YES;
				CLANG_WARN_STRICT_PROTOTYPES = YES;
				CLANG_WARN_SUSPICIOUS_MOVE = YES;
				CLANG_WARN_UNGUARDED_AVAILABILITY = YES_AGGRESSIVE;
				CLANG_WARN_UNREACHABLE_CODE = YES;
				CLANG_WARN__DUPLICATE_METHOD_MATCH = YES;
				COPY_PHASE_STRIP = NO;
				DEBUG_INFORMATION_FORMAT = dwarf;
				ENABLE_STRICT_OBJC_MSGSEND = YES;
				ENABLE_TESTABILITY = YES;
				ENABLE_USER_SCRIPT_SANDBOXING = YES;
				GCC_C_LANGUAGE_STANDARD = gnu17;
				GCC_DYNAMIC_NO_PIC = NO;
				GCC_NO_COMMON_BLOCKS = YES;
				GCC_OPTIMIZATION_LEVEL = 0;
				GCC_PREPROCESSOR_DEFINITIONS = (
					"DEBUG=1",
					"$(inherited)",
				);
				GCC_WARN_64_TO_32_BIT_CONVERSION = YES;
				GCC_WARN_ABOUT_RETURN_TYPE = YES_ERROR;
				GCC_WARN_UNDECLARED_SELECTOR = YES;
				GCC_WARN_UNINITIALIZED_AUTOS = YES_AGGRESSIVE;
				GCC_WARN_UNUSED_FUNCTION = YES;
				GCC_WARN_UNUSED_VARIABLE = YES;
				IPHONEOS_DEPLOYMENT_TARGET = 17.0;
				LOCALIZATION_PREFERS_STRING_CATALOGS = YES;
				MTL_ENABLE_DEBUG_INFO = INCLUDE_SOURCE;
				MTL_FAST_MATH = YES;
				ONLY_ACTIVE_ARCH = YES;
				SDKROOT = iphoneos;
				SWIFT_ACTIVE_COMPILATION_CONDITIONS = "DEBUG $(inherited)";
				SWIFT_OPTIMIZATION_LEVEL = "-Onone";
			};
			name = Debug;
		};
		73DC220C2C7A391500CEDFAE /* Release */ = {
			isa = XCBuildConfiguration;
			buildSettings = {
				ALWAYS_SEARCH_USER_PATHS = NO;
				ASSETCATALOG_COMPILER_GENERATE_SWIFT_ASSET_SYMBOL_EXTENSIONS = YES;
				CLANG_ANALYZER_NONNULL = YES;
				CLANG_ANALYZER_NUMBER_OBJECT_CONVERSION = YES_AGGRESSIVE;
				CLANG_CXX_LANGUAGE_STANDARD = "gnu++20";
				CLANG_ENABLE_MODULES = YES;
				CLANG_ENABLE_OBJC_ARC = YES;
				CLANG_ENABLE_OBJC_WEAK = YES;
				CLANG_WARN_BLOCK_CAPTURE_AUTORELEASING = YES;
				CLANG_WARN_BOOL_CONVERSION = YES;
				CLANG_WARN_COMMA = YES;
				CLANG_WARN_CONSTANT_CONVERSION = YES;
				CLANG_WARN_DEPRECATED_OBJC_IMPLEMENTATIONS = YES;
				CLANG_WARN_DIRECT_OBJC_ISA_USAGE = YES_ERROR;
				CLANG_WARN_DOCUMENTATION_COMMENTS = YES;
				CLANG_WARN_EMPTY_BODY = YES;
				CLANG_WARN_ENUM_CONVERSION = YES;
				CLANG_WARN_INFINITE_RECURSION = YES;
				CLANG_WARN_INT_CONVERSION = YES;
				CLANG_WARN_NON_LITERAL_NULL_CONVERSION = YES;
				CLANG_WARN_OBJC_IMPLICIT_RETAIN_SELF = YES;
				CLANG_WARN_OBJC_LITERAL_CONVERSION = YES;
				CLANG_WARN_OBJC_ROOT_CLASS = YES_ERROR;
				CLANG_WARN_QUOTED_INCLUDE_IN_FRAMEWORK_HEADER = YES;
				CLANG_WARN_RANGE_LOOP_ANALYSIS = YES;
				CLANG_WARN_STRICT_PROTOTYPES = YES;
				CLANG_WARN_SUSPICIOUS_MOVE = YES;
				CLANG_WARN_UNGUARDED_AVAILABILITY = YES_AGGRESSIVE;
				CLANG_WARN_UNREACHABLE_CODE = YES;
				CLANG_WARN__DUPLICATE_METHOD_MATCH = YES;
				COPY_PHASE_STRIP = NO;
				DEBUG_INFORMATION_FORMAT = "dwarf-with-dsym";
				ENABLE_NS_ASSERTIONS = NO;
				ENABLE_STRICT_OBJC_MSGSEND = YES;
				ENABLE_USER_SCRIPT_SANDBOXING = YES;
				GCC_C_LANGUAGE_STANDARD = gnu17;
				GCC_NO_COMMON_BLOCKS = YES;
				GCC_WARN_64_TO_32_BIT_CONVERSION = YES;
				GCC_WARN_ABOUT_RETURN_TYPE = YES_ERROR;
				GCC_WARN_UNDECLARED_SELECTOR = YES;
				GCC_WARN_UNINITIALIZED_AUTOS = YES_AGGRESSIVE;
				GCC_WARN_UNUSED_FUNCTION = YES;
				GCC_WARN_UNUSED_VARIABLE = YES;
				IPHONEOS_DEPLOYMENT_TARGET = 17.0;
				LOCALIZATION_PREFERS_STRING_CATALOGS = YES;
				MTL_ENABLE_DEBUG_INFO = NO;
				MTL_FAST_MATH = YES;
				SDKROOT = iphoneos;
				SWIFT_COMPILATION_MODE = wholemodule;
				VALIDATE_PRODUCT = YES;
			};
			name = Release;
		};
		73DC220E2C7A391500CEDFAE /* Debug */ = {
			isa = XCBuildConfiguration;
			baseConfigurationReference = 9BFCB402CB24CFB630AC3758 /* Pods-RepositoryListProject.debug.xcconfig */;
			buildSettings = {
				ASSETCATALOG_COMPILER_APPICON_NAME = AppIcon;
				ASSETCATALOG_COMPILER_GLOBAL_ACCENT_COLOR_NAME = AccentColor;
				CODE_SIGN_STYLE = Automatic;
				CURRENT_PROJECT_VERSION = 1;
				ENABLE_USER_SCRIPT_SANDBOXING = NO;
				GENERATE_INFOPLIST_FILE = YES;
				INFOPLIST_FILE = RepositoryListProject/Resources/Info.plist;
				INFOPLIST_KEY_UIApplicationSupportsIndirectInputEvents = YES;
				INFOPLIST_KEY_UILaunchStoryboardName = LaunchScreen;
				INFOPLIST_KEY_UIMainStoryboardFile = Main;
				INFOPLIST_KEY_UISupportedInterfaceOrientations_iPad = "UIInterfaceOrientationPortrait UIInterfaceOrientationPortraitUpsideDown UIInterfaceOrientationLandscapeLeft UIInterfaceOrientationLandscapeRight";
				INFOPLIST_KEY_UISupportedInterfaceOrientations_iPhone = "UIInterfaceOrientationPortrait UIInterfaceOrientationLandscapeLeft UIInterfaceOrientationLandscapeRight";
				LD_RUNPATH_SEARCH_PATHS = (
					"$(inherited)",
					"@executable_path/Frameworks",
				);
				MARKETING_VERSION = 1.0;
				PRODUCT_BUNDLE_IDENTIFIER = example.com.RepositoryListProject;
				PRODUCT_NAME = "$(TARGET_NAME)";
				SWIFT_EMIT_LOC_STRINGS = YES;
				SWIFT_VERSION = 5.0;
				TARGETED_DEVICE_FAMILY = "1,2";
			};
			name = Debug;
		};
		73DC220F2C7A391500CEDFAE /* Release */ = {
			isa = XCBuildConfiguration;
			baseConfigurationReference = DCDCE42054CAE1BFCA561911 /* Pods-RepositoryListProject.release.xcconfig */;
			buildSettings = {
				ASSETCATALOG_COMPILER_APPICON_NAME = AppIcon;
				ASSETCATALOG_COMPILER_GLOBAL_ACCENT_COLOR_NAME = AccentColor;
				CODE_SIGN_STYLE = Automatic;
				CURRENT_PROJECT_VERSION = 1;
				ENABLE_USER_SCRIPT_SANDBOXING = NO;
				GENERATE_INFOPLIST_FILE = YES;
				INFOPLIST_FILE = RepositoryListProject/Resources/Info.plist;
				INFOPLIST_KEY_UIApplicationSupportsIndirectInputEvents = YES;
				INFOPLIST_KEY_UILaunchStoryboardName = LaunchScreen;
				INFOPLIST_KEY_UIMainStoryboardFile = Main;
				INFOPLIST_KEY_UISupportedInterfaceOrientations_iPad = "UIInterfaceOrientationPortrait UIInterfaceOrientationPortraitUpsideDown UIInterfaceOrientationLandscapeLeft UIInterfaceOrientationLandscapeRight";
				INFOPLIST_KEY_UISupportedInterfaceOrientations_iPhone = "UIInterfaceOrientationPortrait UIInterfaceOrientationLandscapeLeft UIInterfaceOrientationLandscapeRight";
				LD_RUNPATH_SEARCH_PATHS = (
					"$(inherited)",
					"@executable_path/Frameworks",
				);
				MARKETING_VERSION = 1.0;
				PRODUCT_BUNDLE_IDENTIFIER = example.com.RepositoryListProject;
				PRODUCT_NAME = "$(TARGET_NAME)";
				SWIFT_EMIT_LOC_STRINGS = YES;
				SWIFT_VERSION = 5.0;
				TARGETED_DEVICE_FAMILY = "1,2";
			};
			name = Release;
		};
/* End XCBuildConfiguration section */

/* Begin XCConfigurationList section */
		73DC21F42C7A391200CEDFAE /* Build configuration list for PBXProject "RepositoryListProject" */ = {
			isa = XCConfigurationList;
			buildConfigurations = (
				73DC220B2C7A391500CEDFAE /* Debug */,
				73DC220C2C7A391500CEDFAE /* Release */,
			);
			defaultConfigurationIsVisible = 0;
			defaultConfigurationName = Release;
		};
		73DC220D2C7A391500CEDFAE /* Build configuration list for PBXNativeTarget "RepositoryListProject" */ = {
			isa = XCConfigurationList;
			buildConfigurations = (
				73DC220E2C7A391500CEDFAE /* Debug */,
				73DC220F2C7A391500CEDFAE /* Release */,
			);
			defaultConfigurationIsVisible = 0;
			defaultConfigurationName = Release;
		};
/* End XCConfigurationList section */
	};
	rootObject = 73DC21F12C7A391200CEDFAE /* Project object */;
}
